
Microsoft Visual Studio Solution File, Format Version 12.00
# Visual Studio Version 16
VisualStudioVersion = 16.0.30114.105
MinimumVisualStudioVersion = 10.0.40219.1
Project("{FAE04EC0-301F-11D3-BF4B-00C04F79EFBC}") = "MaskerCore", "MaskerCore\MaskerCore.csproj", "{C8904794-F996-4C7B-956B-DCA30B2DF62D}"
EndProject
Project("{F184B08F-C81C-45F6-A57F-5ABD9991F28F}") = "VBUnitTests", "VBUnitTests\VBUnitTests.vbproj", "{B2763F56-8A59-434B-A706-27D9DE88EBBE}"
EndProject
Global
	GlobalSection(SolutionConfigurationPlatforms) = preSolution
		Debug|Any CPU = Debug|Any CPU
		Release|Any CPU = Release|Any CPU
	EndGlobalSection
	GlobalSection(ProjectConfigurationPlatforms) = postSolution
		{C8904794-F996-4C7B-956B-DCA30B2DF62D}.Debug|Any CPU.ActiveCfg = Debug|Any CPU
		{C8904794-F996-4C7B-956B-DCA30B2DF62D}.Debug|Any CPU.Build.0 = Debug|Any CPU
		{C8904794-F996-4C7B-956B-DCA30B2DF62D}.Release|Any CPU.ActiveCfg = Release|Any CPU
		{C8904794-F996-4C7B-956B-DCA30B2DF62D}.Release|Any CPU.Build.0 = Release|Any CPU
		{B2763F56-8A59-434B-A706-27D9DE88EBBE}.Debug|Any CPU.ActiveCfg = Debug|Any CPU
		{B2763F56-8A59-434B-A706-27D9DE88EBBE}.Debug|Any CPU.Build.0 = Debug|Any CPU
		{B2763F56-8A59-434B-A706-27D9DE88EBBE}.Release|Any CPU.ActiveCfg = Release|Any CPU
		{B2763F56-8A59-434B-A706-27D9DE88EBBE}.Release|Any CPU.Build.0 = Release|Any CPU
	EndGlobalSection
	GlobalSection(SolutionProperties) = preSolution
		HideSolutionNode = FALSE
	EndGlobalSection
	GlobalSection(ExtensibilityGlobals) = postSolution
		SolutionGuid = {32E09BC0-BFBC-4C15-ABD7-E21C4C9A3A2F}
	EndGlobalSection
EndGlobal
